
Microsoft Visual Studio Solution File, Format Version 12.00
Project("{FAE04EC0-301F-11D3-BF4B-00C04F79EFBC}") = "CellularAutomata", "CellularAutomata\CellularAutomata.csproj", "{56A38B0F-4BB9-464D-A49A-64F8DD957C8E}"
EndProject
Global
	GlobalSection(SolutionConfigurationPlatforms) = preSolution
		Debug|Any CPU = Debug|Any CPU
		Release|Any CPU = Release|Any CPU
	EndGlobalSection
	GlobalSection(ProjectConfigurationPlatforms) = postSolution
		{56A38B0F-4BB9-464D-A49A-64F8DD957C8E}.Debug|Any CPU.ActiveCfg = Debug|Any CPU
		{56A38B0F-4BB9-464D-A49A-64F8DD957C8E}.Debug|Any CPU.Build.0 = Debug|Any CPU
		{56A38B0F-4BB9-464D-A49A-64F8DD957C8E}.Release|Any CPU.ActiveCfg = Release|Any CPU
		{56A38B0F-4BB9-464D-A49A-64F8DD957C8E}.Release|Any CPU.Build.0 = Release|Any CPU
	EndGlobalSection
EndGlobal
